<?xml version="1.0" encoding="utf-8"?>
<Project ToolsVersion="4.0" xmlns="http://schemas.microsoft.com/developer/msbuild/2003">
  <ItemGroup>
    <Filter Include="Source Files">
      <UniqueIdentifier>{4FC737F1-C7A5-4376-A066-2A32D752A2FF}</UniqueIdentifier>
      <Extensions>cpp;c;cc;cxx;def;odl;idl;hpj;bat;asm;asmx</Extensions>
    </Filter>
    <Filter Include="Header Files">
      <UniqueIdentifier>{93995380-89BD-4b04-88EB-625FBE52EBFB}</UniqueIdentifier>
      <Extensions>h;hpp;hxx;hm;inl;inc;xsd</Extensions>
    </Filter>
    <Filter Include="Resource Files">
      <UniqueIdentifier>{67DA6AB6-F800-4c08-8B7A-83BB121AAD01}</UniqueIdentifier>
      <Extensions>rc;ico;cur;bmp;dlg;rc2;rct;bin;rgs;gif;jpg;jpeg;jpe;resx;tiff;tif;png;wav;mfcribbon-ms</Extensions>
    </Filter>
    <Filter Include="Source Files\CocoR">
      <UniqueIdentifier>{13877b29-e8ce-494a-bde7-a3c79ee27c1a}</UniqueIdentifier>
    </Filter>
    <Filter Include="Source Files\Codigo">
      <UniqueIdentifier>{84f85e69-58b5-4381-91f4-717d9549355b}</UniqueIdentifier>
    </Filter>
  </ItemGroup>
  <ItemGroup>
    <None Include="program1.sol">
      <Filter>Source Files\Codigo</Filter>
    </None>
    <None Include="Coco.exe">
      <Filter>Source Files\CocoR</Filter>
    </None>
    <None Include="Ejecutable.bat">
      <Filter>Source Files\CocoR</Filter>
    </None>
    <None Include="Parser.frame">
      <Filter>Source Files\CocoR</Filter>
    </None>
    <None Include="Scanner.frame">
      <Filter>Source Files\CocoR</Filter>
    </None>
    <None Include="Solstice.atg">
      <Filter>Source Files\CocoR</Filter>
    </None>
  </ItemGroup>
  <ItemGroup>
    <ClInclude Include="Parser.h">
      <Filter>Header Files</Filter>
    </ClInclude>
    <ClInclude Include="Scanner.h">
      <Filter>Header Files</Filter>
    </ClInclude>
    <ClInclude Include="Cubo.h">
      <Filter>Header Files</Filter>
    </ClInclude>
    <ClInclude Include="Tabla.h">
      <Filter>Header Files</Filter>
    </ClInclude>
  </ItemGroup>
  <ItemGroup>
    <ClCompile Include="Parser.cpp">
      <Filter>Source Files</Filter>
    </ClCompile>
    <ClCompile Include="Scanner.cpp">
      <Filter>Source Files</Filter>
    </ClCompile>
    <ClCompile Include="Solstice.cpp">
      <Filter>Source Files</Filter>
    </ClCompile>
    <ClCompile Include="Cubo.cpp">
      <Filter>Source Files</Filter>
    </ClCompile>
    <ClCompile Include="Tabla.cpp">
      <Filter>Source Files</Filter>
    </ClCompile>
  </ItemGroup>
</Project>